
Microsoft Visual Studio Solution File, Format Version 12.00
# Visual Studio Version 17
VisualStudioVersion = 17.14.36518.9 d17.14
MinimumVisualStudioVersion = 10.0.40219.1
Project("{FAE04EC0-301F-11D3-BF4B-00C04F79EFBC}") = "DanceStudioManagingSystem", "DanceStudioManagingSystem\DanceStudioManagingSystem.csproj", "{88BBB326-9ACE-457C-AC74-3B285622740B}"
EndProject
Project("{FAE04EC0-301F-11D3-BF4B-00C04F79EFBC}") = "DanceStudio.Booking.Domain", "DanceStudio.Booking.Domain\DanceStudio.Booking.Domain.csproj", "{6E6649AF-F517-4F0B-AA29-64F1D1C968E2}"
EndProject
Project("{FAE04EC0-301F-11D3-BF4B-00C04F79EFBC}") = "DanceStudio.Booking.DAL", "DanceStudio.Booking.DAL\DanceStudio.Booking.DAL.csproj", "{6A678A53-2B18-4CAE-A314-5CFE211A579B}"
EndProject
Global
	GlobalSection(SolutionConfigurationPlatforms) = preSolution
		Debug|Any CPU = Debug|Any CPU
		Release|Any CPU = Release|Any CPU
	EndGlobalSection
	GlobalSection(ProjectConfigurationPlatforms) = postSolution
		{88BBB326-9ACE-457C-AC74-3B285622740B}.Debug|Any CPU.ActiveCfg = Debug|Any CPU
		{88BBB326-9ACE-457C-AC74-3B285622740B}.Debug|Any CPU.Build.0 = Debug|Any CPU
		{88BBB326-9ACE-457C-AC74-3B285622740B}.Release|Any CPU.ActiveCfg = Release|Any CPU
		{88BBB326-9ACE-457C-AC74-3B285622740B}.Release|Any CPU.Build.0 = Release|Any CPU
		{6E6649AF-F517-4F0B-AA29-64F1D1C968E2}.Debug|Any CPU.ActiveCfg = Debug|Any CPU
		{6E6649AF-F517-4F0B-AA29-64F1D1C968E2}.Debug|Any CPU.Build.0 = Debug|Any CPU
		{6E6649AF-F517-4F0B-AA29-64F1D1C968E2}.Release|Any CPU.ActiveCfg = Release|Any CPU
		{6E6649AF-F517-4F0B-AA29-64F1D1C968E2}.Release|Any CPU.Build.0 = Release|Any CPU
		{6A678A53-2B18-4CAE-A314-5CFE211A579B}.Debug|Any CPU.ActiveCfg = Debug|Any CPU
		{6A678A53-2B18-4CAE-A314-5CFE211A579B}.Debug|Any CPU.Build.0 = Debug|Any CPU
		{6A678A53-2B18-4CAE-A314-5CFE211A579B}.Release|Any CPU.ActiveCfg = Release|Any CPU
		{6A678A53-2B18-4CAE-A314-5CFE211A579B}.Release|Any CPU.Build.0 = Release|Any CPU
	EndGlobalSection
	GlobalSection(SolutionProperties) = preSolution
		HideSolutionNode = FALSE
	EndGlobalSection
	GlobalSection(ExtensibilityGlobals) = postSolution
		SolutionGuid = {5144EE01-6EAC-4A40-98DF-2821350C3409}
	EndGlobalSection
EndGlobal
