
Microsoft Visual Studio Solution File, Format Version 12.00
# Visual Studio Version 17
VisualStudioVersion = 17.14.36518.9
MinimumVisualStudioVersion = 10.0.40219.1
Project("{FAE04EC0-301F-11D3-BF4B-00C04F79EFBC}") = "DanceStudioManagingSystem", "DanceStudioManagingSystem\DanceStudioManagingSystem.csproj", "{88BBB326-9ACE-457C-AC74-3B285622740B}"
EndProject
Project("{FAE04EC0-301F-11D3-BF4B-00C04F79EFBC}") = "DanceStudio.Booking.Domain", "DanceStudio.Booking.Domain\DanceStudio.Booking.Domain.csproj", "{6E6649AF-F517-4F0B-AA29-64F1D1C968E2}"
EndProject
Project("{FAE04EC0-301F-11D3-BF4B-00C04F79EFBC}") = "DanceStudio.Booking.DAL", "DanceStudio.Booking.DAL\DanceStudio.Booking.DAL.csproj", "{6A678A53-2B18-4CAE-A314-5CFE211A579B}"
EndProject
Project("{FAE04EC0-301F-11D3-BF4B-00C04F79EFBC}") = "DanceStudio.Booking.Bll", "DanceStudio.Booking.Bll\DanceStudio.Booking.Bll.csproj", "{BA49B002-D34B-4B03-BDB3-4F39F2C6CECB}"
EndProject
Project("{FAE04EC0-301F-11D3-BF4B-00C04F79EFBC}") = "DanceStudio.Booking.Tests", "DanceStudio.Booking.Tests\DanceStudio.Booking.Tests.csproj", "{5898643C-10A1-418C-8834-4E0FA71655B6}"
EndProject
Project("{FAE04EC0-301F-11D3-BF4B-00C04F79EFBC}") = "DanceStudio.Catalog.Domain", "DanceStudio.Catalog.Domain\DanceStudio.Catalog.Domain.csproj", "{DD5E673E-3A9C-4BBF-B455-7867875EDFD4}"
EndProject
Project("{FAE04EC0-301F-11D3-BF4B-00C04F79EFBC}") = "DanceStudio.Catalog.DAL", "DanceStudio.Catalog.DAL\DanceStudio.Catalog.DAL.csproj", "{165FED07-F526-4D17-8FF2-1947D8673083}"
EndProject
Project("{FAE04EC0-301F-11D3-BF4B-00C04F79EFBC}") = "DanceStudio.Catalog.Bll", "DanceStudio.Catalog.Bll\DanceStudio.Catalog.Bll.csproj", "{DABFF560-DF73-4CBB-815F-B5FBE13949FF}"
	ProjectSection(ProjectDependencies) = postProject
		{DD5E673E-3A9C-4BBF-B455-7867875EDFD4} = {DD5E673E-3A9C-4BBF-B455-7867875EDFD4}
	EndProjectSection
EndProject
Project("{FAE04EC0-301F-11D3-BF4B-00C04F79EFBC}") = "DanceStudio.Catalog.API", "DanceStudio.Catalog.API\DanceStudio.Catalog.API.csproj", "{6BCB0493-F0BE-4638-BB1E-D76631E0547E}"
EndProject
Project("{FAE04EC0-301F-11D3-BF4B-00C04F79EFBC}") = "DanceStudio.Reviews.Domain", "DanceStudio.Reviews.Domain\DanceStudio.Reviews.Domain.csproj", "{AAC45F94-784D-41A4-9E48-BB92BB4F6519}"
EndProject
Project("{FAE04EC0-301F-11D3-BF4B-00C04F79EFBC}") = "DanceStudio.Reviews.Application", "DanceStudio.Reviews.Application\DanceStudio.Reviews.Application.csproj", "{BDA17F6F-4597-4994-B134-69FD9628309D}"
EndProject
Project("{FAE04EC0-301F-11D3-BF4B-00C04F79EFBC}") = "DanceStudio.Reviews.Infrastructure", "DanceStudio.Reviews.Infrastructure\DanceStudio.Reviews.Infrastructure.csproj", "{5390D581-271D-4697-958B-C99EC23E3EF4}"
EndProject
Project("{FAE04EC0-301F-11D3-BF4B-00C04F79EFBC}") = "DanceStudio.Reviews.Api", "DanceStudio.Reviews.Api\DanceStudio.Reviews.Api.csproj", "{0DBCCCEE-CB06-444C-9A58-52D08BC1AD11}"
EndProject
Global
	GlobalSection(SolutionConfigurationPlatforms) = preSolution
		Debug|Any CPU = Debug|Any CPU
		Debug|x64 = Debug|x64
		Debug|x86 = Debug|x86
		Release|Any CPU = Release|Any CPU
		Release|x64 = Release|x64
		Release|x86 = Release|x86
	EndGlobalSection
	GlobalSection(ProjectConfigurationPlatforms) = postSolution
		{88BBB326-9ACE-457C-AC74-3B285622740B}.Debug|Any CPU.ActiveCfg = Debug|Any CPU
		{88BBB326-9ACE-457C-AC74-3B285622740B}.Debug|Any CPU.Build.0 = Debug|Any CPU
		{88BBB326-9ACE-457C-AC74-3B285622740B}.Debug|x64.ActiveCfg = Debug|Any CPU
		{88BBB326-9ACE-457C-AC74-3B285622740B}.Debug|x64.Build.0 = Debug|Any CPU
		{88BBB326-9ACE-457C-AC74-3B285622740B}.Debug|x86.ActiveCfg = Debug|Any CPU
		{88BBB326-9ACE-457C-AC74-3B285622740B}.Debug|x86.Build.0 = Debug|Any CPU
		{88BBB326-9ACE-457C-AC74-3B285622740B}.Release|Any CPU.ActiveCfg = Release|Any CPU
		{88BBB326-9ACE-457C-AC74-3B285622740B}.Release|Any CPU.Build.0 = Release|Any CPU
		{88BBB326-9ACE-457C-AC74-3B285622740B}.Release|x64.ActiveCfg = Release|Any CPU
		{88BBB326-9ACE-457C-AC74-3B285622740B}.Release|x64.Build.0 = Release|Any CPU
		{88BBB326-9ACE-457C-AC74-3B285622740B}.Release|x86.ActiveCfg = Release|Any CPU
		{88BBB326-9ACE-457C-AC74-3B285622740B}.Release|x86.Build.0 = Release|Any CPU
		{6E6649AF-F517-4F0B-AA29-64F1D1C968E2}.Debug|Any CPU.ActiveCfg = Debug|Any CPU
		{6E6649AF-F517-4F0B-AA29-64F1D1C968E2}.Debug|Any CPU.Build.0 = Debug|Any CPU
		{6E6649AF-F517-4F0B-AA29-64F1D1C968E2}.Debug|x64.ActiveCfg = Debug|Any CPU
		{6E6649AF-F517-4F0B-AA29-64F1D1C968E2}.Debug|x64.Build.0 = Debug|Any CPU
		{6E6649AF-F517-4F0B-AA29-64F1D1C968E2}.Debug|x86.ActiveCfg = Debug|Any CPU
		{6E6649AF-F517-4F0B-AA29-64F1D1C968E2}.Debug|x86.Build.0 = Debug|Any CPU
		{6E6649AF-F517-4F0B-AA29-64F1D1C968E2}.Release|Any CPU.ActiveCfg = Release|Any CPU
		{6E6649AF-F517-4F0B-AA29-64F1D1C968E2}.Release|Any CPU.Build.0 = Release|Any CPU
		{6E6649AF-F517-4F0B-AA29-64F1D1C968E2}.Release|x64.ActiveCfg = Release|Any CPU
		{6E6649AF-F517-4F0B-AA29-64F1D1C968E2}.Release|x64.Build.0 = Release|Any CPU
		{6E6649AF-F517-4F0B-AA29-64F1D1C968E2}.Release|x86.ActiveCfg = Release|Any CPU
		{6E6649AF-F517-4F0B-AA29-64F1D1C968E2}.Release|x86.Build.0 = Release|Any CPU
		{6A678A53-2B18-4CAE-A314-5CFE211A579B}.Debug|Any CPU.ActiveCfg = Debug|Any CPU
		{6A678A53-2B18-4CAE-A314-5CFE211A579B}.Debug|Any CPU.Build.0 = Debug|Any CPU
		{6A678A53-2B18-4CAE-A314-5CFE211A579B}.Debug|x64.ActiveCfg = Debug|Any CPU
		{6A678A53-2B18-4CAE-A314-5CFE211A579B}.Debug|x64.Build.0 = Debug|Any CPU
		{6A678A53-2B18-4CAE-A314-5CFE211A579B}.Debug|x86.ActiveCfg = Debug|Any CPU
		{6A678A53-2B18-4CAE-A314-5CFE211A579B}.Debug|x86.Build.0 = Debug|Any CPU
		{6A678A53-2B18-4CAE-A314-5CFE211A579B}.Release|Any CPU.ActiveCfg = Release|Any CPU
		{6A678A53-2B18-4CAE-A314-5CFE211A579B}.Release|Any CPU.Build.0 = Release|Any CPU
		{6A678A53-2B18-4CAE-A314-5CFE211A579B}.Release|x64.ActiveCfg = Release|Any CPU
		{6A678A53-2B18-4CAE-A314-5CFE211A579B}.Release|x64.Build.0 = Release|Any CPU
		{6A678A53-2B18-4CAE-A314-5CFE211A579B}.Release|x86.ActiveCfg = Release|Any CPU
		{6A678A53-2B18-4CAE-A314-5CFE211A579B}.Release|x86.Build.0 = Release|Any CPU
		{BA49B002-D34B-4B03-BDB3-4F39F2C6CECB}.Debug|Any CPU.ActiveCfg = Debug|Any CPU
		{BA49B002-D34B-4B03-BDB3-4F39F2C6CECB}.Debug|Any CPU.Build.0 = Debug|Any CPU
		{BA49B002-D34B-4B03-BDB3-4F39F2C6CECB}.Debug|x64.ActiveCfg = Debug|Any CPU
		{BA49B002-D34B-4B03-BDB3-4F39F2C6CECB}.Debug|x64.Build.0 = Debug|Any CPU
		{BA49B002-D34B-4B03-BDB3-4F39F2C6CECB}.Debug|x86.ActiveCfg = Debug|Any CPU
		{BA49B002-D34B-4B03-BDB3-4F39F2C6CECB}.Debug|x86.Build.0 = Debug|Any CPU
		{BA49B002-D34B-4B03-BDB3-4F39F2C6CECB}.Release|Any CPU.ActiveCfg = Release|Any CPU
		{BA49B002-D34B-4B03-BDB3-4F39F2C6CECB}.Release|Any CPU.Build.0 = Release|Any CPU
		{BA49B002-D34B-4B03-BDB3-4F39F2C6CECB}.Release|x64.ActiveCfg = Release|Any CPU
		{BA49B002-D34B-4B03-BDB3-4F39F2C6CECB}.Release|x64.Build.0 = Release|Any CPU
		{BA49B002-D34B-4B03-BDB3-4F39F2C6CECB}.Release|x86.ActiveCfg = Release|Any CPU
		{BA49B002-D34B-4B03-BDB3-4F39F2C6CECB}.Release|x86.Build.0 = Release|Any CPU
		{5898643C-10A1-418C-8834-4E0FA71655B6}.Debug|Any CPU.ActiveCfg = Debug|Any CPU
		{5898643C-10A1-418C-8834-4E0FA71655B6}.Debug|Any CPU.Build.0 = Debug|Any CPU
		{5898643C-10A1-418C-8834-4E0FA71655B6}.Debug|x64.ActiveCfg = Debug|Any CPU
		{5898643C-10A1-418C-8834-4E0FA71655B6}.Debug|x64.Build.0 = Debug|Any CPU
		{5898643C-10A1-418C-8834-4E0FA71655B6}.Debug|x86.ActiveCfg = Debug|Any CPU
		{5898643C-10A1-418C-8834-4E0FA71655B6}.Debug|x86.Build.0 = Debug|Any CPU
		{5898643C-10A1-418C-8834-4E0FA71655B6}.Release|Any CPU.ActiveCfg = Release|Any CPU
		{5898643C-10A1-418C-8834-4E0FA71655B6}.Release|Any CPU.Build.0 = Release|Any CPU
		{5898643C-10A1-418C-8834-4E0FA71655B6}.Release|x64.ActiveCfg = Release|Any CPU
		{5898643C-10A1-418C-8834-4E0FA71655B6}.Release|x64.Build.0 = Release|Any CPU
		{5898643C-10A1-418C-8834-4E0FA71655B6}.Release|x86.ActiveCfg = Release|Any CPU
		{5898643C-10A1-418C-8834-4E0FA71655B6}.Release|x86.Build.0 = Release|Any CPU
		{DD5E673E-3A9C-4BBF-B455-7867875EDFD4}.Debug|Any CPU.ActiveCfg = Debug|Any CPU
		{DD5E673E-3A9C-4BBF-B455-7867875EDFD4}.Debug|Any CPU.Build.0 = Debug|Any CPU
		{DD5E673E-3A9C-4BBF-B455-7867875EDFD4}.Debug|x64.ActiveCfg = Debug|Any CPU
		{DD5E673E-3A9C-4BBF-B455-7867875EDFD4}.Debug|x64.Build.0 = Debug|Any CPU
		{DD5E673E-3A9C-4BBF-B455-7867875EDFD4}.Debug|x86.ActiveCfg = Debug|Any CPU
		{DD5E673E-3A9C-4BBF-B455-7867875EDFD4}.Debug|x86.Build.0 = Debug|Any CPU
		{DD5E673E-3A9C-4BBF-B455-7867875EDFD4}.Release|Any CPU.ActiveCfg = Release|Any CPU
		{DD5E673E-3A9C-4BBF-B455-7867875EDFD4}.Release|Any CPU.Build.0 = Release|Any CPU
		{DD5E673E-3A9C-4BBF-B455-7867875EDFD4}.Release|x64.ActiveCfg = Release|Any CPU
		{DD5E673E-3A9C-4BBF-B455-7867875EDFD4}.Release|x64.Build.0 = Release|Any CPU
		{DD5E673E-3A9C-4BBF-B455-7867875EDFD4}.Release|x86.ActiveCfg = Release|Any CPU
		{DD5E673E-3A9C-4BBF-B455-7867875EDFD4}.Release|x86.Build.0 = Release|Any CPU
		{165FED07-F526-4D17-8FF2-1947D8673083}.Debug|Any CPU.ActiveCfg = Debug|Any CPU
		{165FED07-F526-4D17-8FF2-1947D8673083}.Debug|Any CPU.Build.0 = Debug|Any CPU
		{165FED07-F526-4D17-8FF2-1947D8673083}.Debug|x64.ActiveCfg = Debug|Any CPU
		{165FED07-F526-4D17-8FF2-1947D8673083}.Debug|x64.Build.0 = Debug|Any CPU
		{165FED07-F526-4D17-8FF2-1947D8673083}.Debug|x86.ActiveCfg = Debug|Any CPU
		{165FED07-F526-4D17-8FF2-1947D8673083}.Debug|x86.Build.0 = Debug|Any CPU
		{165FED07-F526-4D17-8FF2-1947D8673083}.Release|Any CPU.ActiveCfg = Release|Any CPU
		{165FED07-F526-4D17-8FF2-1947D8673083}.Release|Any CPU.Build.0 = Release|Any CPU
		{165FED07-F526-4D17-8FF2-1947D8673083}.Release|x64.ActiveCfg = Release|Any CPU
		{165FED07-F526-4D17-8FF2-1947D8673083}.Release|x64.Build.0 = Release|Any CPU
		{165FED07-F526-4D17-8FF2-1947D8673083}.Release|x86.ActiveCfg = Release|Any CPU
		{165FED07-F526-4D17-8FF2-1947D8673083}.Release|x86.Build.0 = Release|Any CPU
		{DABFF560-DF73-4CBB-815F-B5FBE13949FF}.Debug|Any CPU.ActiveCfg = Debug|Any CPU
		{DABFF560-DF73-4CBB-815F-B5FBE13949FF}.Debug|Any CPU.Build.0 = Debug|Any CPU
		{DABFF560-DF73-4CBB-815F-B5FBE13949FF}.Debug|x64.ActiveCfg = Debug|Any CPU
		{DABFF560-DF73-4CBB-815F-B5FBE13949FF}.Debug|x64.Build.0 = Debug|Any CPU
		{DABFF560-DF73-4CBB-815F-B5FBE13949FF}.Debug|x86.ActiveCfg = Debug|Any CPU
		{DABFF560-DF73-4CBB-815F-B5FBE13949FF}.Debug|x86.Build.0 = Debug|Any CPU
		{DABFF560-DF73-4CBB-815F-B5FBE13949FF}.Release|Any CPU.ActiveCfg = Release|Any CPU
		{DABFF560-DF73-4CBB-815F-B5FBE13949FF}.Release|Any CPU.Build.0 = Release|Any CPU
		{DABFF560-DF73-4CBB-815F-B5FBE13949FF}.Release|x64.ActiveCfg = Release|Any CPU
		{DABFF560-DF73-4CBB-815F-B5FBE13949FF}.Release|x64.Build.0 = Release|Any CPU
		{DABFF560-DF73-4CBB-815F-B5FBE13949FF}.Release|x86.ActiveCfg = Release|Any CPU
		{DABFF560-DF73-4CBB-815F-B5FBE13949FF}.Release|x86.Build.0 = Release|Any CPU
		{6BCB0493-F0BE-4638-BB1E-D76631E0547E}.Debug|Any CPU.ActiveCfg = Debug|Any CPU
		{6BCB0493-F0BE-4638-BB1E-D76631E0547E}.Debug|Any CPU.Build.0 = Debug|Any CPU
		{6BCB0493-F0BE-4638-BB1E-D76631E0547E}.Debug|x64.ActiveCfg = Debug|Any CPU
		{6BCB0493-F0BE-4638-BB1E-D76631E0547E}.Debug|x64.Build.0 = Debug|Any CPU
		{6BCB0493-F0BE-4638-BB1E-D76631E0547E}.Debug|x86.ActiveCfg = Debug|Any CPU
		{6BCB0493-F0BE-4638-BB1E-D76631E0547E}.Debug|x86.Build.0 = Debug|Any CPU
		{6BCB0493-F0BE-4638-BB1E-D76631E0547E}.Release|Any CPU.ActiveCfg = Release|Any CPU
		{6BCB0493-F0BE-4638-BB1E-D76631E0547E}.Release|Any CPU.Build.0 = Release|Any CPU
		{6BCB0493-F0BE-4638-BB1E-D76631E0547E}.Release|x64.ActiveCfg = Release|Any CPU
		{6BCB0493-F0BE-4638-BB1E-D76631E0547E}.Release|x64.Build.0 = Release|Any CPU
		{6BCB0493-F0BE-4638-BB1E-D76631E0547E}.Release|x86.ActiveCfg = Release|Any CPU
		{6BCB0493-F0BE-4638-BB1E-D76631E0547E}.Release|x86.Build.0 = Release|Any CPU
		{AAC45F94-784D-41A4-9E48-BB92BB4F6519}.Debug|Any CPU.ActiveCfg = Debug|Any CPU
		{AAC45F94-784D-41A4-9E48-BB92BB4F6519}.Debug|Any CPU.Build.0 = Debug|Any CPU
		{AAC45F94-784D-41A4-9E48-BB92BB4F6519}.Debug|x64.ActiveCfg = Debug|Any CPU
		{AAC45F94-784D-41A4-9E48-BB92BB4F6519}.Debug|x64.Build.0 = Debug|Any CPU
		{AAC45F94-784D-41A4-9E48-BB92BB4F6519}.Debug|x86.ActiveCfg = Debug|Any CPU
		{AAC45F94-784D-41A4-9E48-BB92BB4F6519}.Debug|x86.Build.0 = Debug|Any CPU
		{AAC45F94-784D-41A4-9E48-BB92BB4F6519}.Release|Any CPU.ActiveCfg = Release|Any CPU
		{AAC45F94-784D-41A4-9E48-BB92BB4F6519}.Release|Any CPU.Build.0 = Release|Any CPU
		{AAC45F94-784D-41A4-9E48-BB92BB4F6519}.Release|x64.ActiveCfg = Release|Any CPU
		{AAC45F94-784D-41A4-9E48-BB92BB4F6519}.Release|x64.Build.0 = Release|Any CPU
		{AAC45F94-784D-41A4-9E48-BB92BB4F6519}.Release|x86.ActiveCfg = Release|Any CPU
		{AAC45F94-784D-41A4-9E48-BB92BB4F6519}.Release|x86.Build.0 = Release|Any CPU
		{BDA17F6F-4597-4994-B134-69FD9628309D}.Debug|Any CPU.ActiveCfg = Debug|Any CPU
		{BDA17F6F-4597-4994-B134-69FD9628309D}.Debug|Any CPU.Build.0 = Debug|Any CPU
		{BDA17F6F-4597-4994-B134-69FD9628309D}.Debug|x64.ActiveCfg = Debug|Any CPU
		{BDA17F6F-4597-4994-B134-69FD9628309D}.Debug|x64.Build.0 = Debug|Any CPU
		{BDA17F6F-4597-4994-B134-69FD9628309D}.Debug|x86.ActiveCfg = Debug|Any CPU
		{BDA17F6F-4597-4994-B134-69FD9628309D}.Debug|x86.Build.0 = Debug|Any CPU
		{BDA17F6F-4597-4994-B134-69FD9628309D}.Release|Any CPU.ActiveCfg = Release|Any CPU
		{BDA17F6F-4597-4994-B134-69FD9628309D}.Release|Any CPU.Build.0 = Release|Any CPU
		{BDA17F6F-4597-4994-B134-69FD9628309D}.Release|x64.ActiveCfg = Release|Any CPU
		{BDA17F6F-4597-4994-B134-69FD9628309D}.Release|x64.Build.0 = Release|Any CPU
		{BDA17F6F-4597-4994-B134-69FD9628309D}.Release|x86.ActiveCfg = Release|Any CPU
		{BDA17F6F-4597-4994-B134-69FD9628309D}.Release|x86.Build.0 = Release|Any CPU
		{5390D581-271D-4697-958B-C99EC23E3EF4}.Debug|Any CPU.ActiveCfg = Debug|Any CPU
		{5390D581-271D-4697-958B-C99EC23E3EF4}.Debug|Any CPU.Build.0 = Debug|Any CPU
		{5390D581-271D-4697-958B-C99EC23E3EF4}.Debug|x64.ActiveCfg = Debug|Any CPU
		{5390D581-271D-4697-958B-C99EC23E3EF4}.Debug|x64.Build.0 = Debug|Any CPU
		{5390D581-271D-4697-958B-C99EC23E3EF4}.Debug|x86.ActiveCfg = Debug|Any CPU
		{5390D581-271D-4697-958B-C99EC23E3EF4}.Debug|x86.Build.0 = Debug|Any CPU
		{5390D581-271D-4697-958B-C99EC23E3EF4}.Release|Any CPU.ActiveCfg = Release|Any CPU
		{5390D581-271D-4697-958B-C99EC23E3EF4}.Release|Any CPU.Build.0 = Release|Any CPU
		{5390D581-271D-4697-958B-C99EC23E3EF4}.Release|x64.ActiveCfg = Release|Any CPU
		{5390D581-271D-4697-958B-C99EC23E3EF4}.Release|x64.Build.0 = Release|Any CPU
		{5390D581-271D-4697-958B-C99EC23E3EF4}.Release|x86.ActiveCfg = Release|Any CPU
		{5390D581-271D-4697-958B-C99EC23E3EF4}.Release|x86.Build.0 = Release|Any CPU
		{0DBCCCEE-CB06-444C-9A58-52D08BC1AD11}.Debug|Any CPU.ActiveCfg = Debug|Any CPU
		{0DBCCCEE-CB06-444C-9A58-52D08BC1AD11}.Debug|Any CPU.Build.0 = Debug|Any CPU
		{0DBCCCEE-CB06-444C-9A58-52D08BC1AD11}.Debug|x64.ActiveCfg = Debug|Any CPU
		{0DBCCCEE-CB06-444C-9A58-52D08BC1AD11}.Debug|x64.Build.0 = Debug|Any CPU
		{0DBCCCEE-CB06-444C-9A58-52D08BC1AD11}.Debug|x86.ActiveCfg = Debug|Any CPU
		{0DBCCCEE-CB06-444C-9A58-52D08BC1AD11}.Debug|x86.Build.0 = Debug|Any CPU
		{0DBCCCEE-CB06-444C-9A58-52D08BC1AD11}.Release|Any CPU.ActiveCfg = Release|Any CPU
		{0DBCCCEE-CB06-444C-9A58-52D08BC1AD11}.Release|Any CPU.Build.0 = Release|Any CPU
		{0DBCCCEE-CB06-444C-9A58-52D08BC1AD11}.Release|x64.ActiveCfg = Release|Any CPU
		{0DBCCCEE-CB06-444C-9A58-52D08BC1AD11}.Release|x64.Build.0 = Release|Any CPU
		{0DBCCCEE-CB06-444C-9A58-52D08BC1AD11}.Release|x86.ActiveCfg = Release|Any CPU
		{0DBCCCEE-CB06-444C-9A58-52D08BC1AD11}.Release|x86.Build.0 = Release|Any CPU
	EndGlobalSection
	GlobalSection(SolutionProperties) = preSolution
		HideSolutionNode = FALSE
	EndGlobalSection
	GlobalSection(ExtensibilityGlobals) = postSolution
		SolutionGuid = {5144EE01-6EAC-4A40-98DF-2821350C3409}
	EndGlobalSection
EndGlobal
